version = 1
revision = 3
requires-python = ">=3.12"

[[package]]
name = "h11"
version = "0.16.0"
source = { registry = "https://pypi.org/simple" }
sdist = { url = "https://files.pythonhosted.org/packages/01/ee/02a2c011bdab74c6fb3c75474d40b3052059d95df7e73351460c8588d963/h11-0.16.0.tar.gz", hash = "sha256:4e35b956cf45792e4caa5885e69fba00bdbc6ffafbfa020300e549b208ee5ff1", size = 101250, upload-time = "2025-04-24T03:35:25.427Z" }
wheels = [
    { url = "https://files.pythonhosted.org/packages/04/4b/29cac41a4d98d144bf5f6d33995617b185d14b22401f75ca86f384e87ff1/h11-0.16.0-py3-none-any.whl", hash = "sha256:63cf8bbe7522de3bf65932fda1d9c2772064ffb3dae62d55932da54b31cb6c86", size = 37515, upload-time = "2025-04-24T03:35:24.344Z" },
]

[[package]]
name = "h2"
version = "4.3.0"
source = { registry = "https://pypi.org/simple" }
dependencies = [
    { name = "hpack" },
    { name = "hyperframe" },
]
sdist = { url = "https://files.pythonhosted.org/packages/1d/17/afa56379f94ad0fe8defd37d6eb3f89a25404ffc71d4d848893d270325fc/h2-4.3.0.tar.gz", hash = "sha256:6c59efe4323fa18b47a632221a1888bd7fde6249819beda254aeca909f221bf1", size = 2152026, upload-time = "2025-08-23T18:12:19.778Z" }
wheels = [
    { url = "https://files.pythonhosted.org/packages/69/b2/119f6e6dcbd96f9069ce9a2665e0146588dc9f88f29549711853645e736a/h2-4.3.0-py3-none-any.whl", hash = "sha256:c438f029a25f7945c69e0ccf0fb951dc3f73a5f6412981daee861431b70e2bdd", size = 61779, upload-time = "2025-08-23T18:12:17.779Z" },
]

[[package]]
name = "hpack"
version = "4.1.0"
source = { registry = "https://pypi.org/simple" }
sdist = { url = "https://files.pythonhosted.org/packages/2c/48/71de9ed269fdae9c8057e5a4c0aa7402e8bb16f2c6e90b3aa53327b113f8/hpack-4.1.0.tar.gz", hash = "sha256:ec5eca154f7056aa06f196a557655c5b009b382873ac8d1e66e79e87535f1dca", size = 51276, upload-time = "2025-01-22T21:44:58.347Z" }
wheels = [
    { url = "https://files.pythonhosted.org/packages/07/c6/80c95b1b2b94682a72cbdbfb85b81ae2daffa4291fbfa1b1464502ede10d/hpack-4.1.0-py3-none-any.whl", hash = "sha256:157ac792668d995c657d93111f46b4535ed114f0c9c8d672271bbec7eae1b496", size = 34357, upload-time = "2025-01-22T21:44:56.92Z" },
]

[[package]]
name = "hypercorn"
version = "0.18.0"
source = { registry = "https://pypi.org/simple" }
dependencies = [
    { name = "h11" },
    { name = "h2" },
    { name = "priority" },
    { name = "wsproto" },
]
sdist = { url = "https://files.pythonhosted.org/packages/44/01/39f41a014b83dd5c795217362f2ca9071cf243e6a75bdcd6cd5b944658cc/hypercorn-0.18.0.tar.gz", hash = "sha256:d63267548939c46b0247dc8e5b45a9947590e35e64ee73a23c074aa3cf88e9da", size = 68420, upload-time = "2025-11-08T13:54:04.78Z" }
wheels = [
    { url = "https://files.pythonhosted.org/packages/93/35/850277d1b17b206bd10874c8a9a3f52e059452fb49bb0d22cbb908f6038b/hypercorn-0.18.0-py3-none-any.whl", hash = "sha256:225e268f2c1c2f28f6d8f6db8f40cb8c992963610c5725e13ccfcddccb24b1cd", size = 61640, upload-time = "2025-11-08T13:54:03.202Z" },
]

[[package]]
name = "hyperframe"
version = "6.1.0"
source = { registry = "https://pypi.org/simple" }
sdist = { url = "https://files.pythonhosted.org/packages/02/e7/94f8232d4a74cc99514c13a9f995811485a6903d48e5d952771ef6322e30/hyperframe-6.1.0.tar.gz", hash = "sha256:f630908a00854a7adeabd6382b43923a4c4cd4b821fcb527e6ab9e15382a3b08", size = 26566, upload-time = "2025-01-22T21:41:49.302Z" }
wheels = [
    { url = "https://files.pythonhosted.org/packages/48/30/47d0bf6072f7252e6521f3447ccfa40b421b6824517f82854703d0f5a98b/hyperframe-6.1.0-py3-none-any.whl", hash = "sha256:b03380493a519fce58ea5af42e4a42317bf9bd425596f7a0835ffce80f1a42e5", size = 13007, upload-time = "2025-01-22T21:41:47.295Z" },
]

[[package]]
name = "priority"
version = "2.0.0"
source = { registry = "https://pypi.org/simple" }
sdist = { url = "https://files.pythonhosted.org/packages/f5/3c/eb7c35f4dcede96fca1842dac5f4f5d15511aa4b52f3a961219e68ae9204/priority-2.0.0.tar.gz", hash = "sha256:c965d54f1b8d0d0b19479db3924c7c36cf672dbf2aec92d43fbdaf4492ba18c0", size = 24792, upload-time = "2021-06-27T10:15:05.487Z" }
wheels = [
    { url = "https://files.pythonhosted.org/packages/5e/5f/82c8074f7e84978129347c2c6ec8b6c59f3584ff1a20bc3c940a3e061790/priority-2.0.0-py3-none-any.whl", hash = "sha256:6f8eefce5f3ad59baf2c080a664037bb4725cd0a790d53d59ab4059288faf6aa", size = 8946, upload-time = "2021-06-27T10:15:03.856Z" },
]

[[package]]
name = "restate-lab"
version = "0.1.0"
source = { virtual = "." }
dependencies = [
    { name = "hypercorn" },
    { name = "restate-sdk" },
]

[package.metadata]
requires-dist = [
    { name = "hypercorn" },
    { name = "restate-sdk" },
]

[[package]]
name = "restate-sdk"
version = "0.17.1"
source = { registry = "https://pypi.org/simple" }
sdist = { url = "https://files.pythonhosted.org/packages/a1/fc/3338a05358e664d232bab3afa8d80deaa9d7d45235a9ac2698dce1a08ad2/restate_sdk-0.17.1.tar.gz", hash = "sha256:1791d324ff8c4df3987389cddb66a2c53f0b69ecac01f0410af1672cca003a06", size = 255321, upload-time = "2026-04-08T12:16:50.219Z" }
wheels = [
    { url = "https://files.pythonhosted.org/packages/a1/2c/ed81a5a627c48e1cfec0fb9cda5fa074c21740e17f3255dc903de77e4c7d/restate_sdk-0.17.1-cp312-cp312-macosx_10_12_x86_64.whl", hash = "sha256:8fe38825a5449f27ec1925d1b5ee5b441f7c74b85f899e4441b0fb80b00ff985", size = 1947436, upload-time = "2026-04-08T12:16:20.971Z" },
    { url = "https://files.pythonhosted.org/packages/0a/c1/d53c95d880c4b93acba4724fd333741de6e00a5a28cd0a684c27d82e6dff/restate_sdk-0.17.1-cp312-cp312-macosx_11_0_arm64.whl", hash = "sha256:02eb17d6c049827e95a1d4aabf3df9bc45922f12f2beef598b9a6f1dae3b0b71", size = 1876542, upload-time = "2026-04-08T12:16:14.758Z" },
    { url = "https://files.pythonhosted.org/packages/79/12/6fec6bcd96dd9108a335b4b0845069cc08019a186ee591c346150a9b6783/restate_sdk-0.17.1-cp312-cp312-manylinux_2_17_x86_64.manylinux2014_x86_64.whl", hash = "sha256:d8a227829e3c580cfdf5f8f71a23dfb88b93f511af2d5272fad80aeb5d35db9b", size = 2088764, upload-time = "2026-04-08T12:16:07.441Z" },
    { url = "https://files.pythonhosted.org/packages/e1/06/205063f91f47bacf2084781c87d762dd20c237c1748291417faf0c2361f7/restate_sdk-0.17.1-cp312-cp312-manylinux_2_28_aarch64.whl", hash = "sha256:bfc3dafb4ae97fbb856443215bebd103de2ad388b3711d4ddc29bb4df6bdfc02", size = 2118859, upload-time = "2026-04-08T12:15:53.681Z" },
    { url = "https://files.pythonhosted.org/packages/c5/99/263e8eca29ecc516b94a0bd6204f06ae65e26ebdc77fc0b32432266de6d7/restate_sdk-0.17.1-cp312-cp312-musllinux_1_2_aarch64.whl", hash = "sha256:be3a3d674ea4f549eb8afea449279430cb878a6becc31feb29ed3b62681788f7", size = 2294503, upload-time = "2026-04-08T12:16:27.289Z" },
    { url = "https://files.pythonhosted.org/packages/79/be/12fafe4ee1eeed45ef159c16cd36e99ed7d041414c0dd465512d2b156906/restate_sdk-0.17.1-cp312-cp312-musllinux_1_2_x86_64.whl", hash = "sha256:79a73d4d366b461222ce72f85f874c8c3190aebf4ae0218a1eb3139c0553029d", size = 2374414, upload-time = "2026-04-08T12:16:39.889Z" },
    { url = "https://files.pythonhosted.org/packages/1f/25/abfe7862172a3c9a30a792ca3909bc633722d4f124df5e3bad3d58b64e16/restate_sdk-0.17.1-cp313-cp313-macosx_10_12_x86_64.whl", hash = "sha256:637439f1f17ba640214c78de2f266f859220d4c2c4cef27098d59cec37bf9b80", size = 1947838, upload-time = "2026-04-08T12:16:22.205Z" },
    { url = "https://files.pythonhosted.org/packages/e4/54/ac8ae06eb0c72bbae7e17cae9210867dbdc2f54f108c3b3af8a985c801b4/restate_sdk-0.17.1-cp313-cp313-macosx_11_0_arm64.whl", hash = "sha256:4241da2a5f4224fca741ca6978933d0c897dc739c178caf04964da85101aaa05", size = 1876724, upload-time = "2026-04-08T12:16:16.339Z" },
    { url = "https://files.pythonhosted.org/packages/8e/1c/3cbaa89242c99682a31b51e3d6af0c4e03a5531c56d1542f46e5c1c1e3e5/restate_sdk-0.17.1-cp313-cp313-manylinux_2_17_x86_64.manylinux2014_x86_64.whl", hash = "sha256:3d3e763d1e8d68f417f0c2a9ad8157090009f2c469c3411a8764d6edbcb4545b", size = 2088656, upload-time = "2026-04-08T12:16:08.742Z" },
    { url = "https://files.pythonhosted.org/packages/9d/a0/bda9ccc0ac6dc4b414ee0968f4abceb052e1fcb062c15ff7a6dafa50eff4/restate_sdk-0.17.1-cp313-cp313-manylinux_2_28_aarch64.whl", hash = "sha256:9fcb8154fdc9ee11baa890fb9f3c4d51f3efb1b87665578cf15168f3221dc1e8", size = 2119283, upload-time = "2026-04-08T12:15:55.27Z" },
    { url = "https://files.pythonhosted.org/packages/30/d4/d334844e33786392e82d8e08e7efb399f2daac8f29e11237125cc8bc5703/restate_sdk-0.17.1-cp313-cp313-musllinux_1_2_aarch64.whl", hash = "sha256:6f0e354d3540b4105e041fc47933420f02e5e23b71223ab2a19c9cd3dde597e9", size = 2294672, upload-time = "2026-04-08T12:16:29.096Z" },
    { url = "https://files.pythonhosted.org/packages/12/ed/4b17812aee3a2760efe1db290f40e34a4db0460ea4c94d744a91b08e9190/restate_sdk-0.17.1-cp313-cp313-musllinux_1_2_x86_64.whl", hash = "sha256:3f789e9a5d03a36cd9299b8b142ea6c08469ff5fb5e8c39e2c60ee75b198a9a0", size = 2374546, upload-time = "2026-04-08T12:16:41.555Z" },
    { url = "https://files.pythonhosted.org/packages/6e/39/6442e63553514b2a6631da0a9b0ed7794ab4c05ff39ea0af13379ad4f5e7/restate_sdk-0.17.1-cp313-cp313t-manylinux_2_28_aarch64.whl", hash = "sha256:6ad6e1c1380b57cfa8d0bf98700718590b5aebc6b3e132e2bd1158ff99edaeed", size = 2119018, upload-time = "2026-04-08T12:15:56.694Z" },
    { url = "https://files.pythonhosted.org/packages/db/1a/198288f80427ac7e77e640f8eb8091cc2ed79a892280fe342bbbc664840e/restate_sdk-0.17.1-cp313-cp313t-musllinux_1_2_aarch64.whl", hash = "sha256:d1d9245378a865f008b2bb0f1a52f4774069142e8b57b824fa609d35f0b1b683", size = 2292685, upload-time = "2026-04-08T12:16:30.312Z" },
    { url = "https://files.pythonhosted.org/packages/09/0b/d36781d19ffeee90f069a09c2784ad504d2a6c94590373ce85d87fefc06a/restate_sdk-0.17.1-cp313-cp313t-musllinux_1_2_x86_64.whl", hash = "sha256:ca34b2d97ce1840900caf3f3e94806675ee947796c8c69ac21dacd7302c92551", size = 2374749, upload-time = "2026-04-08T12:16:43.11Z" },
    { url = "https://files.pythonhosted.org/packages/bc/0e/ab4ae7e0170050f7b0b3c7a72a3e9ce1030102c70de1647bcf90ef4da4a7/restate_sdk-0.17.1-cp314-cp314-macosx_10_12_x86_64.whl", hash = "sha256:400bd205a50861908f2b0a6488a1b16d1309bf6c6cbbd1eb85e50cb9c24ae957", size = 1947905, upload-time = "2026-04-08T12:16:23.515Z" },
    { url = "https://files.pythonhosted.org/packages/c8/b0/aa290ee4e650573144b6da95d4a09c06d8c0b6bb2f4e3dca5ea02418ceac/restate_sdk-0.17.1-cp314-cp314-macosx_11_0_arm64.whl", hash = "sha256:d6cf1a98d12e0cd76196e88e4511c1090a7155daf81658403433df046efbe380", size = 1877607, upload-time = "2026-04-08T12:16:17.623Z" },
    { url = "https://files.pythonhosted.org/packages/ce/5b/4e8ffd14451ecd92a334df6f909ab4baa7af988d712bf5fe8198366c754a/restate_sdk-0.17.1-cp314-cp314-manylinux_2_17_x86_64.manylinux2014_x86_64.whl", hash = "sha256:2bf0a7ffb4c4cb1e8d2520d64ad114643573536834bb3f0c627680de20a977e9", size = 2088668, upload-time = "2026-04-08T12:16:10.009Z" },
    { url = "https://files.pythonhosted.org/packages/ef/99/c450d808b00bb55d1603991f61169ba49eb261195dd5a5d7fbacec556b53/restate_sdk-0.17.1-cp314-cp314-manylinux_2_28_aarch64.whl", hash = "sha256:565eac3da15db9a46b1235adccd120869ec8384ddd22de56dc7480a4b54d01d3", size = 2119970, upload-time = "2026-04-08T12:15:58.655Z" },
    { url = "https://files.pythonhosted.org/packages/ad/0e/46eb0014bec627195b6cce17af72e8e74b631ca099021e7f5b8dcbe4a585/restate_sdk-0.17.1-cp314-cp314-musllinux_1_2_aarch64.whl", hash = "sha256:0d872556a76a42c2337d5799a3d20deadf04857866a64952b95717c18f725803", size = 2293384, upload-time = "2026-04-08T12:16:31.952Z" },
    { url = "https://files.pythonhosted.org/packages/cd/9c/ac8492b82a280144cea4bd3f336666be5cabe0f6dc5635a4f8e7616753c2/restate_sdk-0.17.1-cp314-cp314-musllinux_1_2_x86_64.whl", hash = "sha256:7e363d32f696d8d65be1ff916b22d350feaa4a7d982adc1e579bbc03ddb31852", size = 2376876, upload-time = "2026-04-08T12:16:44.542Z" },
    { url = "https://files.pythonhosted.org/packages/1e/f9/0d8eee64c2e1dc55b442a5c644a45c2cc9996d8b1d3fe7e17187931d6070/restate_sdk-0.17.1-cp314-cp314t-manylinux_2_28_aarch64.whl", hash = "sha256:b08787f8de2823e4c04301a39f78a641e80a6e2765dc86a574496ed91b89dc17", size = 2117993, upload-time = "2026-04-08T12:15:59.943Z" },
    { url = "https://files.pythonhosted.org/packages/ee/73/383218009235eae8674de9f6d3167ee39169f5ba078799c737bdeb412940/restate_sdk-0.17.1-cp314-cp314t-musllinux_1_2_aarch64.whl", hash = "sha256:57f912b4ab29eadad380380c1f3b6002b5e9c74fbdc02bd8f728f89bf30b25ac", size = 2292146, upload-time = "2026-04-08T12:16:33.222Z" },
    { url = "https://files.pythonhosted.org/packages/57/93/04d1fb1dd36d6b03b531445921573a495df3742e7c2ed377077fe1f42bdd/restate_sdk-0.17.1-cp314-cp314t-musllinux_1_2_x86_64.whl", hash = "sha256:34b2c5514f9b6198fd015d576f31d56f2086a2e65c60814cb2d3a9f92c3cd245", size = 2373849, upload-time = "2026-04-08T12:16:45.924Z" },
]

[[package]]
name = "wsproto"
version = "1.3.2"
source = { registry = "https://pypi.org/simple" }
dependencies = [
    { name = "h11" },
]
sdist = { url = "https://files.pythonhosted.org/packages/c7/79/12135bdf8b9c9367b8701c2c19a14c913c120b882d50b014ca0d38083c2c/wsproto-1.3.2.tar.gz", hash = "sha256:b86885dcf294e15204919950f666e06ffc6c7c114ca900b060d6e16293528294", size = 50116, upload-time = "2025-11-20T18:18:01.871Z" }
wheels = [
    { url = "https://files.pythonhosted.org/packages/a4/f5/10b68b7b1544245097b2a1b8238f66f2fc6dcaeb24ba5d917f52bd2eed4f/wsproto-1.3.2-py3-none-any.whl", hash = "sha256:61eea322cdf56e8cc904bd3ad7573359a242ba65688716b0710a5eb12beab584", size = 24405, upload-time = "2025-11-20T18:18:00.454Z" },
]
